
Microsoft Visual Studio Solution File, Format Version 12.00
# Visual Studio 2013
VisualStudioVersion = 12.0.31101.0
MinimumVisualStudioVersion = 10.0.40219.1
Project("{CC5FD16D-436D-48AD-A40C-5A424C6E3E79}") = "AzureCloudService2", "AzureCloudService2\AzureCloudService2.ccproj", "{03128D5B-8085-471E-914C-9010C912F214}"
EndProject
Project("{FAE04EC0-301F-11D3-BF4B-00C04F79EFBC}") = "WebRole1", "WebRole1\WebRole1.csproj", "{20394F3A-45BF-4786-90AF-94AF127313BD}"
EndProject
Global
	GlobalSection(SolutionConfigurationPlatforms) = preSolution
		Debug|Any CPU = Debug|Any CPU
		Release|Any CPU = Release|Any CPU
	EndGlobalSection
	GlobalSection(ProjectConfigurationPlatforms) = postSolution
		{03128D5B-8085-471E-914C-9010C912F214}.Debug|Any CPU.ActiveCfg = Debug|Any CPU
		{03128D5B-8085-471E-914C-9010C912F214}.Debug|Any CPU.Build.0 = Debug|Any CPU
		{03128D5B-8085-471E-914C-9010C912F214}.Release|Any CPU.ActiveCfg = Release|Any CPU
		{03128D5B-8085-471E-914C-9010C912F214}.Release|Any CPU.Build.0 = Release|Any CPU
		{20394F3A-45BF-4786-90AF-94AF127313BD}.Debug|Any CPU.ActiveCfg = Debug|Any CPU
		{20394F3A-45BF-4786-90AF-94AF127313BD}.Debug|Any CPU.Build.0 = Debug|Any CPU
		{20394F3A-45BF-4786-90AF-94AF127313BD}.Release|Any CPU.ActiveCfg = Release|Any CPU
		{20394F3A-45BF-4786-90AF-94AF127313BD}.Release|Any CPU.Build.0 = Release|Any CPU
	EndGlobalSection
	GlobalSection(SolutionProperties) = preSolution
		HideSolutionNode = FALSE
	EndGlobalSection
EndGlobal
